
Microsoft Visual Studio Solution File, Format Version 12.00
# Visual Studio Version 16
VisualStudioVersion = 16.0.31605.320
MinimumVisualStudioVersion = 10.0.40219.1
Project("{2150E333-8FDC-42A3-9474-1A3956D46DE8}") = "0 - Solution Items", "0 - Solution Items", "{067DACEF-FD60-409D-8AD2-A5AF303D30B3}"
EndProject
Project("{2150E333-8FDC-42A3-9474-1A3956D46DE8}") = "1 - Presentation", "1 - Presentation", "{DCE2767E-2F9B-4820-9B9F-43D40C57623E}"
EndProject
Project("{2150E333-8FDC-42A3-9474-1A3956D46DE8}") = "3 - Facade", "3 - Facade", "{52841ACD-EE9A-474D-B950-03A7AD2DB38B}"
EndProject
Project("{2150E333-8FDC-42A3-9474-1A3956D46DE8}") = "4 - UseCases", "4 - UseCases", "{0AF33979-D631-407C-A797-892A91DBFA24}"
EndProject
Project("{2150E333-8FDC-42A3-9474-1A3956D46DE8}") = "5 - Entities", "5 - Entities", "{CD640AFE-55DD-4546-A010-D070C6A9C3E0}"
EndProject
Project("{2150E333-8FDC-42A3-9474-1A3956D46DE8}") = "6 - Infra", "6 - Infra", "{BE0C98A4-AE19-451D-A372-D74552A0344C}"
EndProject
Project("{9A19103F-16F7-4668-BE54-9A1E7A4F7556}") = "ConsoleApp", "ConsoleApp\ConsoleApp.csproj", "{DA2ADA82-8BF4-4FC2-A55B-A454E46B25F0}"
EndProject
Project("{9A19103F-16F7-4668-BE54-9A1E7A4F7556}") = "Facade", "Facade\Facade.csproj", "{49F7E88C-08C2-4DD5-88BA-2419E31989F1}"
EndProject
Project("{9A19103F-16F7-4668-BE54-9A1E7A4F7556}") = "UseCases", "UseCases\UseCases.csproj", "{0E54DE2D-4576-470B-B1EC-4D970526E477}"
EndProject
Project("{9A19103F-16F7-4668-BE54-9A1E7A4F7556}") = "Entities", "Entities\Entities.csproj", "{97B2AC9F-3F67-45C1-BE6F-54C0063EC77A}"
EndProject
Project("{9A19103F-16F7-4668-BE54-9A1E7A4F7556}") = "Data", "Data\Data.csproj", "{9E48BC8A-3E4E-454E-A5DA-C01409D47662}"
EndProject
Project("{9A19103F-16F7-4668-BE54-9A1E7A4F7556}") = "IoC", "IoC\IoC.csproj", "{E42BFB93-97AC-4943-B920-FE25A605A091}"
EndProject
Project("{9A19103F-16F7-4668-BE54-9A1E7A4F7556}") = "Integrations", "Integrations\Integrations.csproj", "{2680E80B-5BD7-4BD6-83BB-3A087AE8B1B7}"
EndProject
Project("{2150E333-8FDC-42A3-9474-1A3956D46DE8}") = "2 - Service", "2 - Service", "{39743FB1-C3A3-4BDE-85D4-8FBFB519011F}"
EndProject
Project("{9A19103F-16F7-4668-BE54-9A1E7A4F7556}") = "Api", "Api\Api.csproj", "{556E0256-40AD-4FE7-8C6D-45314024CCE3}"
EndProject
Project("{2150E333-8FDC-42A3-9474-1A3956D46DE8}") = "8 - Tests", "8 - Tests", "{8BA9AAA9-416B-44F7-BAF7-934CD89DEDFC}"
EndProject
Project("{9A19103F-16F7-4668-BE54-9A1E7A4F7556}") = "IntegratedTest", "IntegratedTest\IntegratedTest.csproj", "{D9406A87-6F8C-4698-9FDF-C12162E65E75}"
EndProject
Project("{9A19103F-16F7-4668-BE54-9A1E7A4F7556}") = "UnitTest", "UnitTest\UnitTest.csproj", "{FD74ADCF-0F1E-4F88-8681-B3F4E4AD27EB}"
EndProject
Project("{2150E333-8FDC-42A3-9474-1A3956D46DE8}") = "7 - CrossCutting", "7 - CrossCutting", "{3E89828E-2A81-4C50-9243-0D846A49F070}"
EndProject
Project("{FAE04EC0-301F-11D3-BF4B-00C04F79EFBC}") = "AOP", "AOP\AOP.csproj", "{84B47A04-5CCB-4724-87E6-AF2D805EF002}"
EndProject
Global
	GlobalSection(SolutionConfigurationPlatforms) = preSolution
		Debug|Any CPU = Debug|Any CPU
		Release|Any CPU = Release|Any CPU
	EndGlobalSection
	GlobalSection(ProjectConfigurationPlatforms) = postSolution
		{DA2ADA82-8BF4-4FC2-A55B-A454E46B25F0}.Debug|Any CPU.ActiveCfg = Debug|Any CPU
		{DA2ADA82-8BF4-4FC2-A55B-A454E46B25F0}.Debug|Any CPU.Build.0 = Debug|Any CPU
		{DA2ADA82-8BF4-4FC2-A55B-A454E46B25F0}.Release|Any CPU.ActiveCfg = Release|Any CPU
		{DA2ADA82-8BF4-4FC2-A55B-A454E46B25F0}.Release|Any CPU.Build.0 = Release|Any CPU
		{49F7E88C-08C2-4DD5-88BA-2419E31989F1}.Debug|Any CPU.ActiveCfg = Debug|Any CPU
		{49F7E88C-08C2-4DD5-88BA-2419E31989F1}.Debug|Any CPU.Build.0 = Debug|Any CPU
		{49F7E88C-08C2-4DD5-88BA-2419E31989F1}.Release|Any CPU.ActiveCfg = Release|Any CPU
		{49F7E88C-08C2-4DD5-88BA-2419E31989F1}.Release|Any CPU.Build.0 = Release|Any CPU
		{0E54DE2D-4576-470B-B1EC-4D970526E477}.Debug|Any CPU.ActiveCfg = Debug|Any CPU
		{0E54DE2D-4576-470B-B1EC-4D970526E477}.Debug|Any CPU.Build.0 = Debug|Any CPU
		{0E54DE2D-4576-470B-B1EC-4D970526E477}.Release|Any CPU.ActiveCfg = Release|Any CPU
		{0E54DE2D-4576-470B-B1EC-4D970526E477}.Release|Any CPU.Build.0 = Release|Any CPU
		{97B2AC9F-3F67-45C1-BE6F-54C0063EC77A}.Debug|Any CPU.ActiveCfg = Debug|Any CPU
		{97B2AC9F-3F67-45C1-BE6F-54C0063EC77A}.Debug|Any CPU.Build.0 = Debug|Any CPU
		{97B2AC9F-3F67-45C1-BE6F-54C0063EC77A}.Release|Any CPU.ActiveCfg = Release|Any CPU
		{97B2AC9F-3F67-45C1-BE6F-54C0063EC77A}.Release|Any CPU.Build.0 = Release|Any CPU
		{9E48BC8A-3E4E-454E-A5DA-C01409D47662}.Debug|Any CPU.ActiveCfg = Debug|Any CPU
		{9E48BC8A-3E4E-454E-A5DA-C01409D47662}.Debug|Any CPU.Build.0 = Debug|Any CPU
		{9E48BC8A-3E4E-454E-A5DA-C01409D47662}.Release|Any CPU.ActiveCfg = Release|Any CPU
		{9E48BC8A-3E4E-454E-A5DA-C01409D47662}.Release|Any CPU.Build.0 = Release|Any CPU
		{E42BFB93-97AC-4943-B920-FE25A605A091}.Debug|Any CPU.ActiveCfg = Debug|Any CPU
		{E42BFB93-97AC-4943-B920-FE25A605A091}.Debug|Any CPU.Build.0 = Debug|Any CPU
		{E42BFB93-97AC-4943-B920-FE25A605A091}.Release|Any CPU.ActiveCfg = Release|Any CPU
		{E42BFB93-97AC-4943-B920-FE25A605A091}.Release|Any CPU.Build.0 = Release|Any CPU
		{2680E80B-5BD7-4BD6-83BB-3A087AE8B1B7}.Debug|Any CPU.ActiveCfg = Debug|Any CPU
		{2680E80B-5BD7-4BD6-83BB-3A087AE8B1B7}.Debug|Any CPU.Build.0 = Debug|Any CPU
		{2680E80B-5BD7-4BD6-83BB-3A087AE8B1B7}.Release|Any CPU.ActiveCfg = Release|Any CPU
		{2680E80B-5BD7-4BD6-83BB-3A087AE8B1B7}.Release|Any CPU.Build.0 = Release|Any CPU
		{556E0256-40AD-4FE7-8C6D-45314024CCE3}.Debug|Any CPU.ActiveCfg = Debug|Any CPU
		{556E0256-40AD-4FE7-8C6D-45314024CCE3}.Debug|Any CPU.Build.0 = Debug|Any CPU
		{556E0256-40AD-4FE7-8C6D-45314024CCE3}.Release|Any CPU.ActiveCfg = Release|Any CPU
		{556E0256-40AD-4FE7-8C6D-45314024CCE3}.Release|Any CPU.Build.0 = Release|Any CPU
		{D9406A87-6F8C-4698-9FDF-C12162E65E75}.Debug|Any CPU.ActiveCfg = Debug|Any CPU
		{D9406A87-6F8C-4698-9FDF-C12162E65E75}.Debug|Any CPU.Build.0 = Debug|Any CPU
		{D9406A87-6F8C-4698-9FDF-C12162E65E75}.Release|Any CPU.ActiveCfg = Release|Any CPU
		{D9406A87-6F8C-4698-9FDF-C12162E65E75}.Release|Any CPU.Build.0 = Release|Any CPU
		{FD74ADCF-0F1E-4F88-8681-B3F4E4AD27EB}.Debug|Any CPU.ActiveCfg = Debug|Any CPU
		{FD74ADCF-0F1E-4F88-8681-B3F4E4AD27EB}.Debug|Any CPU.Build.0 = Debug|Any CPU
		{FD74ADCF-0F1E-4F88-8681-B3F4E4AD27EB}.Release|Any CPU.ActiveCfg = Release|Any CPU
		{FD74ADCF-0F1E-4F88-8681-B3F4E4AD27EB}.Release|Any CPU.Build.0 = Release|Any CPU
		{84B47A04-5CCB-4724-87E6-AF2D805EF002}.Debug|Any CPU.ActiveCfg = Debug|Any CPU
		{84B47A04-5CCB-4724-87E6-AF2D805EF002}.Debug|Any CPU.Build.0 = Debug|Any CPU
		{84B47A04-5CCB-4724-87E6-AF2D805EF002}.Release|Any CPU.ActiveCfg = Release|Any CPU
		{84B47A04-5CCB-4724-87E6-AF2D805EF002}.Release|Any CPU.Build.0 = Release|Any CPU
	EndGlobalSection
	GlobalSection(SolutionProperties) = preSolution
		HideSolutionNode = FALSE
	EndGlobalSection
	GlobalSection(NestedProjects) = preSolution
		{DA2ADA82-8BF4-4FC2-A55B-A454E46B25F0} = {DCE2767E-2F9B-4820-9B9F-43D40C57623E}
		{49F7E88C-08C2-4DD5-88BA-2419E31989F1} = {52841ACD-EE9A-474D-B950-03A7AD2DB38B}
		{0E54DE2D-4576-470B-B1EC-4D970526E477} = {0AF33979-D631-407C-A797-892A91DBFA24}
		{97B2AC9F-3F67-45C1-BE6F-54C0063EC77A} = {CD640AFE-55DD-4546-A010-D070C6A9C3E0}
		{9E48BC8A-3E4E-454E-A5DA-C01409D47662} = {BE0C98A4-AE19-451D-A372-D74552A0344C}
		{E42BFB93-97AC-4943-B920-FE25A605A091} = {3E89828E-2A81-4C50-9243-0D846A49F070}
		{2680E80B-5BD7-4BD6-83BB-3A087AE8B1B7} = {BE0C98A4-AE19-451D-A372-D74552A0344C}
		{556E0256-40AD-4FE7-8C6D-45314024CCE3} = {39743FB1-C3A3-4BDE-85D4-8FBFB519011F}
		{D9406A87-6F8C-4698-9FDF-C12162E65E75} = {8BA9AAA9-416B-44F7-BAF7-934CD89DEDFC}
		{FD74ADCF-0F1E-4F88-8681-B3F4E4AD27EB} = {8BA9AAA9-416B-44F7-BAF7-934CD89DEDFC}
		{84B47A04-5CCB-4724-87E6-AF2D805EF002} = {3E89828E-2A81-4C50-9243-0D846A49F070}
	EndGlobalSection
	GlobalSection(ExtensibilityGlobals) = postSolution
		SolutionGuid = {3A55FB6A-E2EB-46AF-87FE-B8C82514A794}
	EndGlobalSection
EndGlobal
